
Microsoft Visual Studio Solution File, Format Version 12.00
# Visual Studio 15
Project("{FAE04EC0-301F-11D3-BF4B-00C04F79EFBC}") = "WineTastingCrawler", "WineTastingCrawler\WineTastingCrawler.csproj", "{A663E430-D7AF-49FC-989D-44C460CF61BD}"
EndProject
Project("{FAE04EC0-301F-11D3-BF4B-00C04F79EFBC}") = "TestProject", "TestProject\TestProject.csproj", "{6E386939-0BEA-4836-83DD-A127E5A8B8F8}"
EndProject
Global
	GlobalSection(SolutionConfigurationPlatforms) = preSolution
		Debug|Any CPU = Debug|Any CPU
		Release|Any CPU = Release|Any CPU
	EndGlobalSection
	GlobalSection(ProjectConfigurationPlatforms) = postSolution
		{A663E430-D7AF-49FC-989D-44C460CF61BD}.Debug|Any CPU.ActiveCfg = Debug|Any CPU
		{A663E430-D7AF-49FC-989D-44C460CF61BD}.Debug|Any CPU.Build.0 = Debug|Any CPU
		{A663E430-D7AF-49FC-989D-44C460CF61BD}.Release|Any CPU.ActiveCfg = Release|Any CPU
		{A663E430-D7AF-49FC-989D-44C460CF61BD}.Release|Any CPU.Build.0 = Release|Any CPU
		{6E386939-0BEA-4836-83DD-A127E5A8B8F8}.Debug|Any CPU.ActiveCfg = Debug|Any CPU
		{6E386939-0BEA-4836-83DD-A127E5A8B8F8}.Debug|Any CPU.Build.0 = Debug|Any CPU
		{6E386939-0BEA-4836-83DD-A127E5A8B8F8}.Release|Any CPU.ActiveCfg = Release|Any CPU
		{6E386939-0BEA-4836-83DD-A127E5A8B8F8}.Release|Any CPU.Build.0 = Release|Any CPU
	EndGlobalSection
EndGlobal
